dependencies:
- name: plural-certmanager-webhook
  repository: cm://app.plural.sh/cm/bootstrap
  version: 0.1.1
- name: bootstrap
  repository: cm://app.plural.sh/cm/bootstrap
  version: 0.6.56
digest: sha256:c0e9f7a84b011af11f3816348301d58dcce782ddc406ba3578d5f1c8f453d1c0
generated: "2021-10-02T02:26:22.716647935Z"
